
Microsoft Visual Studio Solution File, Format Version 12.00
# Visual Studio 15
VisualStudioVersion = 15.0.26124.0
MinimumVisualStudioVersion = 15.0.26124.0
Project("{FAE04EC0-301F-11D3-BF4B-00C04F79EFBC}") = "Lykke.Backoffice.Common.Razor", "src\Lykke.Backoffice.Common.Razor\Lykke.Backoffice.Common.Razor.csproj", "{7ED01700-D1AB-4BE6-A6CE-B9F500EDCF15}"
EndProject
Project("{2150E333-8FDC-42A3-9474-1A3956D46DE8}") = "tests", "tests", "{4C925444-FD99-480E-AE6E-A6E36E47B8D6}"
EndProject
Project("{FAE04EC0-301F-11D3-BF4B-00C04F79EFBC}") = "Lykke.Backoffice.Common.Razor.Tests", "tests\Lykke.Backoffice.Common.Razor.Tests\Lykke.Backoffice.Common.Razor.Tests.csproj", "{7CBDB336-4968-4EFE-9B92-4EB4EE0D9186}"
EndProject
Global
	GlobalSection(SolutionConfigurationPlatforms) = preSolution
		Debug|Any CPU = Debug|Any CPU
		Debug|x64 = Debug|x64
		Debug|x86 = Debug|x86
		Release|Any CPU = Release|Any CPU
		Release|x64 = Release|x64
		Release|x86 = Release|x86
	EndGlobalSection
	GlobalSection(SolutionProperties) = preSolution
		HideSolutionNode = FALSE
	EndGlobalSection
	GlobalSection(ProjectConfigurationPlatforms) = postSolution
		{7ED01700-D1AB-4BE6-A6CE-B9F500EDCF15}.Debug|Any CPU.ActiveCfg = Debug|Any CPU
		{7ED01700-D1AB-4BE6-A6CE-B9F500EDCF15}.Debug|Any CPU.Build.0 = Debug|Any CPU
		{7ED01700-D1AB-4BE6-A6CE-B9F500EDCF15}.Debug|x64.ActiveCfg = Debug|Any CPU
		{7ED01700-D1AB-4BE6-A6CE-B9F500EDCF15}.Debug|x64.Build.0 = Debug|Any CPU
		{7ED01700-D1AB-4BE6-A6CE-B9F500EDCF15}.Debug|x86.ActiveCfg = Debug|Any CPU
		{7ED01700-D1AB-4BE6-A6CE-B9F500EDCF15}.Debug|x86.Build.0 = Debug|Any CPU
		{7ED01700-D1AB-4BE6-A6CE-B9F500EDCF15}.Release|Any CPU.ActiveCfg = Release|Any CPU
		{7ED01700-D1AB-4BE6-A6CE-B9F500EDCF15}.Release|Any CPU.Build.0 = Release|Any CPU
		{7ED01700-D1AB-4BE6-A6CE-B9F500EDCF15}.Release|x64.ActiveCfg = Release|Any CPU
		{7ED01700-D1AB-4BE6-A6CE-B9F500EDCF15}.Release|x64.Build.0 = Release|Any CPU
		{7ED01700-D1AB-4BE6-A6CE-B9F500EDCF15}.Release|x86.ActiveCfg = Release|Any CPU
		{7ED01700-D1AB-4BE6-A6CE-B9F500EDCF15}.Release|x86.Build.0 = Release|Any CPU
		{7CBDB336-4968-4EFE-9B92-4EB4EE0D9186}.Debug|Any CPU.ActiveCfg = Debug|Any CPU
		{7CBDB336-4968-4EFE-9B92-4EB4EE0D9186}.Debug|Any CPU.Build.0 = Debug|Any CPU
		{7CBDB336-4968-4EFE-9B92-4EB4EE0D9186}.Debug|x64.ActiveCfg = Debug|Any CPU
		{7CBDB336-4968-4EFE-9B92-4EB4EE0D9186}.Debug|x64.Build.0 = Debug|Any CPU
		{7CBDB336-4968-4EFE-9B92-4EB4EE0D9186}.Debug|x86.ActiveCfg = Debug|Any CPU
		{7CBDB336-4968-4EFE-9B92-4EB4EE0D9186}.Debug|x86.Build.0 = Debug|Any CPU
		{7CBDB336-4968-4EFE-9B92-4EB4EE0D9186}.Release|Any CPU.ActiveCfg = Release|Any CPU
		{7CBDB336-4968-4EFE-9B92-4EB4EE0D9186}.Release|Any CPU.Build.0 = Release|Any CPU
		{7CBDB336-4968-4EFE-9B92-4EB4EE0D9186}.Release|x64.ActiveCfg = Release|Any CPU
		{7CBDB336-4968-4EFE-9B92-4EB4EE0D9186}.Release|x64.Build.0 = Release|Any CPU
		{7CBDB336-4968-4EFE-9B92-4EB4EE0D9186}.Release|x86.ActiveCfg = Release|Any CPU
		{7CBDB336-4968-4EFE-9B92-4EB4EE0D9186}.Release|x86.Build.0 = Release|Any CPU
	EndGlobalSection
	GlobalSection(NestedProjects) = preSolution
		{7CBDB336-4968-4EFE-9B92-4EB4EE0D9186} = {4C925444-FD99-480E-AE6E-A6E36E47B8D6}
	EndGlobalSection
EndGlobal
